{
  "name": "driver-bun",
  "lockfileVersion": 3,
  "requires": true,
  "packages": {
    "": {
      "name": "driver-bun",
      "dependencies": {
        "extws-server": "^1.0.0"
      },
      "devDependencies": {
        "bun-types": "latest"
      },
      "peerDependencies": {
        "typescript": "^5.0.0"
      }
    },
    "node_modules/bun-types": {
      "version": "0.6.14",
      "resolved": "https://registry.npmjs.org/bun-types/-/bun-types-0.6.14.tgz",
      "integrity": "sha512-sRdvu+t59+H/TVOe7FSGFWYITbqkhiCx9NxVUHt2+JOXM9gUOe5uMPvVvcr/hGngnh+/yb5a7uPE4JaS6uxujg==",
      "dev": true
    },
    "node_modules/extws-server": {
      "version": "1.0.0",
      "resolved": "https://registry.npmjs.org/extws-server/-/extws-server-1.0.0.tgz",
      "integrity": "sha512-BuvlldymEsVI9v7f/p2YBGEsz04JqCnlWnf7DgTs3lxjP2sbr+SNKNqwLcpB5p84H80LTFnykDCR6r41Y+sjbQ==",
      "dependencies": {
        "ip-address": "^8.1.0",
        "nanoid": "^3.1.23"
      },
      "engines": {
        "node": ">10.0.0"
      }
    },
    "node_modules/ip-address": {
      "version": "8.1.0",
      "resolved": "https://registry.npmjs.org/ip-address/-/ip-address-8.1.0.tgz",
      "integrity": "sha512-Wz91gZKpNKoXtqvY8ScarKYwhXoK4r/b5QuT+uywe/azv0/nUCo7Bh0IRRI7F9DHR06kJNWtzMGLIbXavngbKA==",
      "dependencies": {
        "jsbn": "1.1.0",
        "sprintf-js": "1.1.2"
      },
      "engines": {
        "node": ">= 12"
      }
    },
    "node_modules/jsbn": {
      "version": "1.1.0",
      "resolved": "https://registry.npmjs.org/jsbn/-/jsbn-1.1.0.tgz",
      "integrity": "sha512-4bYVV3aAMtDTTu4+xsDYa6sy9GyJ69/amsu9sYF2zqjiEoZA5xJi3BrfX3uY+/IekIu7MwdObdbDWpoZdBv3/A=="
    },
    "node_modules/nanoid": {
      "version": "3.3.6",
      "resolved": "https://registry.npmjs.org/nanoid/-/nanoid-3.3.6.tgz",
      "integrity": "sha512-BGcqMMJuToF7i1rt+2PWSNVnWIkGCU78jBG3RxO/bZlnZPK2Cmi2QaffxGO/2RvWi9sL+FAiRiXMgsyxQ1DIDA==",
      "funding": [
        {
          "type": "github",
          "url": "https://github.com/sponsors/ai"
        }
      ],
      "bin": {
        "nanoid": "bin/nanoid.cjs"
      },
      "engines": {
        "node": "^10 || ^12 || ^13.7 || ^14 || >=15.0.1"
      }
    },
    "node_modules/sprintf-js": {
      "version": "1.1.2",
      "resolved": "https://registry.npmjs.org/sprintf-js/-/sprintf-js-1.1.2.tgz",
      "integrity": "sha512-VE0SOVEHCk7Qc8ulkWw3ntAzXuqf7S2lvwQaDLRnUeIEaKNQJzV6BwmLKhOqT61aGhfUMrXeaBk+oDGCzvhcug=="
    },
    "node_modules/typescript": {
      "version": "5.1.6",
      "resolved": "https://registry.npmjs.org/typescript/-/typescript-5.1.6.tgz",
      "integrity": "sha512-zaWCozRZ6DLEWAWFrVDz1H6FVXzUSfTy5FUMWsQlU8Ym5JP9eO4xkTIROFCQvhQf61z6O/G6ugw3SgAnvvm+HA==",
      "peer": true,
      "bin": {
        "tsc": "bin/tsc",
        "tsserver": "bin/tsserver"
      },
      "engines": {
        "node": ">=14.17"
      }
    }
  }
}
